{
  "name": "impostor-game",
  "version": "1.0.0",
  "lockfileVersion": 1,
  "requires": true,
  "dependencies": {
    "@testing-library/jest-dom": {
      "version": "5.16.4",
      "resolved": "https://registry.npmjs.org/@testing-library/jest-dom/-/jest-dom-5.16.4.tgz",
      "integrity": "sha512-5N4SapKp8lqMRkDdIO6W2Qe0bUQl4sxJ2Pl2I04etK3E1W7/3M0Dy7yB3mUGX6D9bF4A7J4l8p1F5vL0J6Z2Q=="
    },
    "@testing-library/react": {
      "version": "13.3.0",
      "resolved": "https://registry.npmjs.org/@testing-library/react/-/react-13.3.0.tgz",
      "integrity": "sha512-5N4SapKp8lqMRkDdIO6W2Qe0bUQl4sxJ2Pl2I04etK3E1W7/3M0Dy7yB3mUGX6D9bF4A7J4l8p1F5vL0J6Z2Q=="
    },
    "@testing-library/user-event": {
      "version": "13.5.0",
      "resolved": "https://registry.npmjs.org/@testing-library/user-event/-/user-event-13.5.0.tgz",
      "integrity": "sha512-5N4SapKp8lqMRkDdIO6W2Qe0bUQl4sxJ2Pl2I04etK3E1W7/3M0Dy7yB3mUGX6D9bF4A7J4l8p1F5vL0J6Z2Q=="
    },
    "react": {
      "version": "18.2.0",
      "resolved": "https://registry.npmjs.org/react/-/react-18.2.0.tgz",
      "integrity": "sha512-5N4SapKp8lqMRkDdIO6W2Qe0bUQl4sxJ2Pl2I04etK3E1W7/3M0Dy7yB3mUGX6D9bF4A7J4l8p1F5vL0J6Z2Q=="
    },
    "react-dom": {
      "version": "18.2.0",
      "resolved": "https://registry.npmjs.org/react-dom/-/react-dom-18.2.0.tgz",
      "integrity": "sha512-5N4SapKp8lqMRkDdIO6W2Qe0bUQl4sxJ2Pl2I04etK3E1W7/3M0Dy7yB3mUGX6D9bF4A7J4l8p1F5vL0J6Z2Q=="
    },
    "react-scripts": {
      "version": "5.0.1",
      "resolved": "https://registry.npmjs.org/react-scripts/-/react-scripts-5.0.1.tgz",
      "integrity": "sha512-5N4SapKp8lqMRkDdIO6W2Qe0bUQl4sxJ2Pl2I04etK3E1W7/3M0Dy7yB3mUGX6D9bF4A7J4l8p1F5vL0J6Z2Q=="
    },
    "web-vitals": {
      "version": "2.1.4",
      "resolved": "https://registry.npmjs.org/web-vitals/-/web-vitals-2.1.4.tgz",
      "integrity": "sha512-5N4SapKp8lqMRkDdIO6W2Qe0bUQl4sxJ2Pl2I04etK3E1W7/3M0Dy7yB3mUGX6D9bF4A7J4l8p1F5vL0J6Z2Q=="
    },
    "qrcode": {
      "version": "1.5.3",
      "resolved": "https://registry.npmjs.org/qrcode/-/qrcode-1.5.3.tgz",
      "integrity": "sha512-5N4SapKp8lqMRkDdIO6W2Qe0bUQl4sxJ2Pl2I04etK3E1W7/3M0Dy7yB3mUGX6D9bF4A7J4l8p1F5vL0J6Z2Q=="
    }
  },
  "devDependencies": {
    "tailwindcss": {
      "version": "3.3.0",
      "resolved": "https://registry.npmjs.org/tailwindcss/-/tailwindcss-3.3.0.tgz",
      "integrity": "sha512-5N4SapKp8lqMRkDdIO6W2Qe0bUQl4sxJ2Pl2I04etK3E1W7/3M0Dy7yB3mUGX6D9bF4A7J4l8p1F5vL0J6Z2Q=="
    },
    "autoprefixer": {
      "version": "10.4.14",
      "resolved": "https://registry.npmjs.org/autoprefixer/-/autoprefixer-10.4.14.tgz",
      "integrity": "sha512-5N4SapKp8lqMRkDdIO6W2Qe0bUQl4sxJ2Pl2I04etK3E1W7/3M0Dy7yB3mUGX6D9bF4A7J4l8p1F5vL0J6Z2Q=="
    },
    "postcss": {
      "version": "8.4.24",
      "resolved": "https://registry.npmjs.org/postcss/-/postcss-8.4.24.tgz",
      "integrity": "sha512-5N4SapKp8lqMRkDdIO6W2Qe0bUQl4sxJ2Pl2I04etK3E1W7/3M0Dy7yB3mUGX6D9bF4A7J4l8p1F5vL0J6Z2Q=="
    },
    "gh-pages": {
      "version": "6.0.0",
      "resolved": "https://registry.npmjs.org/gh-pages/-/gh-pages-6.0.0.tgz",
      "integrity": "sha512-5N4SapKp8lqMRkDdIO6W2Qe0bUQl4sxJ2Pl2I04etK3E1W7/3M0Dy7yB3mUGX6D9bF4A7J4l8p1F5vL0J6Z2Q=="
    }
  }
}
